<?xml version="1.0" encoding="utf-8"?>
<Project ToolsVersion="4.0" xmlns="http://schemas.microsoft.com/developer/msbuild/2003">
  <ItemGroup>
    <Filter Include="Quelldateien">
      <UniqueIdentifier>{4FC737F1-C7A5-4376-A066-2A32D752A2FF}</UniqueIdentifier>
      <Extensions>cpp;c;cc;cxx;c++;def;odl;idl;hpj;bat;asm;asmx</Extensions>
    </Filter>
    <Filter Include="Headerdateien">
      <UniqueIdentifier>{93995380-89BD-4b04-88EB-625FBE52EBFB}</UniqueIdentifier>
      <Extensions>h;hh;hpp;hxx;h++;hm;inl;inc;ipp;xsd</Extensions>
    </Filter>
    <Filter Include="Ressourcendateien">
      <UniqueIdentifier>{67DA6AB6-F800-4c08-8B7A-83BB121AAD01}</UniqueIdentifier>
      <Extensions>rc;ico;cur;bmp;dlg;rc2;rct;bin;rgs;gif;jpg;jpeg;jpe;resx;tiff;tif;png;wav;mfcribbon-ms</Extensions>
    </Filter>
  </ItemGroup>
  <ItemGroup>
    <ClInclude Include="filesystem.hpp">
      <Filter>Headerdateien</Filter>
    </ClInclude>
    <ClInclude Include="common\basic_resource.hpp">
      <Filter>Headerdateien</Filter>
    </ClInclude>
    <ClInclude Include="common\detail\can_convert.hpp">
      <Filter>Headerdateien</Filter>
    </ClInclude>
    <ClInclude Include="common.hpp">
      <Filter>Headerdateien</Filter>
    </ClInclude>
    <ClInclude Include="filesystem\provider_registry.hpp">
      <Filter>Headerdateien</Filter>
    </ClInclude>
    <ClInclude Include="filesystem\detail\meta.hpp">
      <Filter>Headerdateien</Filter>
    </ClInclude>
    <ClInclude Include="filesystem\filesystem_resolver.hpp">
      <Filter>Headerdateien</Filter>
    </ClInclude>
    <ClInclude Include="filesystem\file_traits.hpp">
      <Filter>Headerdateien</Filter>
    </ClInclude>
    <ClInclude Include="filesystem\fsdomain_resolver.hpp">
      <Filter>Headerdateien</Filter>
    </ClInclude>
    <ClInclude Include="common\result.hpp">
      <Filter>Headerdateien</Filter>
    </ClInclude>
    <ClInclude Include="common\string_extra.hpp">
      <Filter>Headerdateien</Filter>
    </ClInclude>
    <ClInclude Include="filesystem\filesystem_view.hpp">
      <Filter>Headerdateien</Filter>
    </ClInclude>
    <ClInclude Include="filesystem\fs_navigator.hpp">
      <Filter>Headerdateien</Filter>
    </ClInclude>
    <ClInclude Include="filesystem\fsartifact_cache.hpp">
      <Filter>Headerdateien</Filter>
    </ClInclude>
  </ItemGroup>
  <ItemGroup>
    <ClCompile Include="test_fs.cpp">
      <Filter>Quelldateien</Filter>
    </ClCompile>
    <ClCompile Include="types.hpp">
      <Filter>Quelldateien</Filter>
    </ClCompile>
    <ClCompile Include="filesystem\provider_registry.cpp">
      <Filter>Quelldateien</Filter>
    </ClCompile>
    <ClCompile Include="filesystem\filesystem_resolver.cpp">
      <Filter>Quelldateien</Filter>
    </ClCompile>
    <ClCompile Include="filesystem\fsdomain_resolver.cpp">
      <Filter>Quelldateien</Filter>
    </ClCompile>
    <ClCompile Include="filesystem\fsartifact_cache.cpp">
      <Filter>Quelldateien</Filter>
    </ClCompile>
  </ItemGroup>
</Project>